
Microsoft Visual Studio Solution File, Format Version 12.00
# Visual Studio Version 17
VisualStudioVersion = 17.9.34728.123
MinimumVisualStudioVersion = 10.0.40219.1
Project("{FAE04EC0-301F-11D3-BF4B-00C04F79EFBC}") = "EjercicioProductos", "EjercicioProductos\EjercicioProductos.csproj", "{F9C562CB-2F59-492A-AF7B-7E95DBA436F9}"
EndProject
Global
	GlobalSection(SolutionConfigurationPlatforms) = preSolution
		Debug|Any CPU = Debug|Any CPU
		Release|Any CPU = Release|Any CPU
	EndGlobalSection
	GlobalSection(ProjectConfigurationPlatforms) = postSolution
		{F9C562CB-2F59-492A-AF7B-7E95DBA436F9}.Debug|Any CPU.ActiveCfg = Debug|Any CPU
		{F9C562CB-2F59-492A-AF7B-7E95DBA436F9}.Debug|Any CPU.Build.0 = Debug|Any CPU
		{F9C562CB-2F59-492A-AF7B-7E95DBA436F9}.Release|Any CPU.ActiveCfg = Release|Any CPU
		{F9C562CB-2F59-492A-AF7B-7E95DBA436F9}.Release|Any CPU.Build.0 = Release|Any CPU
	EndGlobalSection
	GlobalSection(SolutionProperties) = preSolution
		HideSolutionNode = FALSE
	EndGlobalSection
	GlobalSection(ExtensibilityGlobals) = postSolution
		SolutionGuid = {2C62913C-B99C-45BF-82CA-2A02FD7D2ECB}
	EndGlobalSection
EndGlobal
